
Microsoft Visual Studio Solution File, Format Version 12.00
# Visual Studio Version 16
VisualStudioVersion = 25.0.1703.6
MinimumVisualStudioVersion = 10.0.40219.1
Project("{FAE04EC0-301F-11D3-BF4B-00C04F79EFBC}") = "Mall51", "Mall51.csproj", "{47AA1F25-251A-4E47-97B1-5C520C802F74}"
EndProject
Global
	GlobalSection(SolutionConfigurationPlatforms) = preSolution
		Debug|Any CPU = Debug|Any CPU
		Release|Any CPU = Release|Any CPU
	EndGlobalSection
	GlobalSection(ProjectConfigurationPlatforms) = postSolution
		{47AA1F25-251A-4E47-97B1-5C520C802F74}.Debug|Any CPU.ActiveCfg = Debug|Any CPU
		{47AA1F25-251A-4E47-97B1-5C520C802F74}.Debug|Any CPU.Build.0 = Debug|Any CPU
		{47AA1F25-251A-4E47-97B1-5C520C802F74}.Release|Any CPU.ActiveCfg = Release|Any CPU
		{47AA1F25-251A-4E47-97B1-5C520C802F74}.Release|Any CPU.Build.0 = Release|Any CPU
	EndGlobalSection
	GlobalSection(SolutionProperties) = preSolution
		HideSolutionNode = FALSE
	EndGlobalSection
	GlobalSection(ExtensibilityGlobals) = postSolution
		SolutionGuid = {2B625FFE-6D62-472E-99AE-AB35FFCCE5BF}
	EndGlobalSection
EndGlobal
